
Microsoft Visual Studio Solution File, Format Version 12.00
# Visual Studio Version 17
VisualStudioVersion = 17.6.33829.357
MinimumVisualStudioVersion = 10.0.40219.1
Project("{9A19103F-16F7-4668-BE54-9A1E7A4F7556}") = "SerialisationXmlStream", "Serialisation\SerialisationXmlStream.csproj", "{3D716712-34AE-4C89-8622-3A2108DCC93D}"
EndProject
Project("{9A19103F-16F7-4668-BE54-9A1E7A4F7556}") = "SerialisationXmlXDocument", "SerialisationXDocument\SerialisationXmlXDocument.csproj", "{89A0F0DE-713E-44FA-88E6-0BBC5AFB42CE}"
EndProject
Project("{9A19103F-16F7-4668-BE54-9A1E7A4F7556}") = "SerialisationUtf8Json", "SerialisationUtf8JsonReader\SerialisationUtf8Json.csproj", "{26D0D733-4B80-49DA-B223-24740FEB6225}"
EndProject
Project("{9A19103F-16F7-4668-BE54-9A1E7A4F7556}") = "SerialisationJsonSerializer", "SerialisationJsonSerializer\SerialisationJsonSerializer.csproj", "{90521403-B34A-4A06-BFD2-B4F743E29251}"
EndProject
Project("{FAE04EC0-301F-11D3-BF4B-00C04F79EFBC}") = "CalculatriceAmelioree", "CalculatriceAmelioree\CalculatriceAmelioree.csproj", "{A0CC7A5B-5570-4C76-9CFE-AB992CC37607}"
EndProject
Global
	GlobalSection(SolutionConfigurationPlatforms) = preSolution
		Debug|Any CPU = Debug|Any CPU
		Release|Any CPU = Release|Any CPU
	EndGlobalSection
	GlobalSection(ProjectConfigurationPlatforms) = postSolution
		{3D716712-34AE-4C89-8622-3A2108DCC93D}.Debug|Any CPU.ActiveCfg = Debug|Any CPU
		{3D716712-34AE-4C89-8622-3A2108DCC93D}.Debug|Any CPU.Build.0 = Debug|Any CPU
		{3D716712-34AE-4C89-8622-3A2108DCC93D}.Release|Any CPU.ActiveCfg = Release|Any CPU
		{3D716712-34AE-4C89-8622-3A2108DCC93D}.Release|Any CPU.Build.0 = Release|Any CPU
		{89A0F0DE-713E-44FA-88E6-0BBC5AFB42CE}.Debug|Any CPU.ActiveCfg = Debug|Any CPU
		{89A0F0DE-713E-44FA-88E6-0BBC5AFB42CE}.Debug|Any CPU.Build.0 = Debug|Any CPU
		{89A0F0DE-713E-44FA-88E6-0BBC5AFB42CE}.Release|Any CPU.ActiveCfg = Release|Any CPU
		{89A0F0DE-713E-44FA-88E6-0BBC5AFB42CE}.Release|Any CPU.Build.0 = Release|Any CPU
		{26D0D733-4B80-49DA-B223-24740FEB6225}.Debug|Any CPU.ActiveCfg = Debug|Any CPU
		{26D0D733-4B80-49DA-B223-24740FEB6225}.Debug|Any CPU.Build.0 = Debug|Any CPU
		{26D0D733-4B80-49DA-B223-24740FEB6225}.Release|Any CPU.ActiveCfg = Release|Any CPU
		{26D0D733-4B80-49DA-B223-24740FEB6225}.Release|Any CPU.Build.0 = Release|Any CPU
		{90521403-B34A-4A06-BFD2-B4F743E29251}.Debug|Any CPU.ActiveCfg = Debug|Any CPU
		{90521403-B34A-4A06-BFD2-B4F743E29251}.Debug|Any CPU.Build.0 = Debug|Any CPU
		{90521403-B34A-4A06-BFD2-B4F743E29251}.Release|Any CPU.ActiveCfg = Release|Any CPU
		{90521403-B34A-4A06-BFD2-B4F743E29251}.Release|Any CPU.Build.0 = Release|Any CPU
		{A0CC7A5B-5570-4C76-9CFE-AB992CC37607}.Debug|Any CPU.ActiveCfg = Debug|Any CPU
		{A0CC7A5B-5570-4C76-9CFE-AB992CC37607}.Debug|Any CPU.Build.0 = Debug|Any CPU
		{A0CC7A5B-5570-4C76-9CFE-AB992CC37607}.Release|Any CPU.ActiveCfg = Release|Any CPU
		{A0CC7A5B-5570-4C76-9CFE-AB992CC37607}.Release|Any CPU.Build.0 = Release|Any CPU
	EndGlobalSection
	GlobalSection(SolutionProperties) = preSolution
		HideSolutionNode = FALSE
	EndGlobalSection
	GlobalSection(ExtensibilityGlobals) = postSolution
		SolutionGuid = {14BB78F9-844C-4679-AC78-D6EA5563711A}
	EndGlobalSection
EndGlobal
